
Microsoft Visual Studio Solution File, Format Version 12.00
# Visual Studio 2013
VisualStudioVersion = 12.0.21005.1
MinimumVisualStudioVersion = 10.0.40219.1
Project("{FAE04EC0-301F-11D3-BF4B-00C04F79EFBC}") = "TweetGramAPI", "TweetGramAPI\TweetGramAPI.csproj", "{76146473-BE30-4C6B-A208-818680291C87}"
EndProject
Project("{FAE04EC0-301F-11D3-BF4B-00C04F79EFBC}") = "oAuthInstagram", "oAuthInstagram\oAuthInstagram.csproj", "{ACB77C8D-D583-4B82-8918-74B5B19667CA}"
EndProject
Project("{FAE04EC0-301F-11D3-BF4B-00C04F79EFBC}") = "oAuthTwitter", "oAuthTwitter\oAuthTwitter.csproj", "{76ACF07A-B068-4B09-BEBA-A7F58EEC1D7D}"
EndProject
Global
	GlobalSection(SolutionConfigurationPlatforms) = preSolution
		Debug|Any CPU = Debug|Any CPU
		Release|Any CPU = Release|Any CPU
	EndGlobalSection
	GlobalSection(ProjectConfigurationPlatforms) = postSolution
		{76146473-BE30-4C6B-A208-818680291C87}.Debug|Any CPU.ActiveCfg = Debug|Any CPU
		{76146473-BE30-4C6B-A208-818680291C87}.Debug|Any CPU.Build.0 = Debug|Any CPU
		{76146473-BE30-4C6B-A208-818680291C87}.Release|Any CPU.ActiveCfg = Release|Any CPU
		{76146473-BE30-4C6B-A208-818680291C87}.Release|Any CPU.Build.0 = Release|Any CPU
		{ACB77C8D-D583-4B82-8918-74B5B19667CA}.Debug|Any CPU.ActiveCfg = Debug|Any CPU
		{ACB77C8D-D583-4B82-8918-74B5B19667CA}.Debug|Any CPU.Build.0 = Debug|Any CPU
		{ACB77C8D-D583-4B82-8918-74B5B19667CA}.Release|Any CPU.ActiveCfg = Release|Any CPU
		{ACB77C8D-D583-4B82-8918-74B5B19667CA}.Release|Any CPU.Build.0 = Release|Any CPU
		{76ACF07A-B068-4B09-BEBA-A7F58EEC1D7D}.Debug|Any CPU.ActiveCfg = Debug|Any CPU
		{76ACF07A-B068-4B09-BEBA-A7F58EEC1D7D}.Debug|Any CPU.Build.0 = Debug|Any CPU
		{76ACF07A-B068-4B09-BEBA-A7F58EEC1D7D}.Release|Any CPU.ActiveCfg = Release|Any CPU
		{76ACF07A-B068-4B09-BEBA-A7F58EEC1D7D}.Release|Any CPU.Build.0 = Release|Any CPU
	EndGlobalSection
	GlobalSection(SolutionProperties) = preSolution
		HideSolutionNode = FALSE
	EndGlobalSection
EndGlobal
